// !$*UTF8*$!
{
	archiveVersion = 1;
	classes = {
	};
	objectVersion = 46;
	objects = {

/* Begin PBXBuildFile section */
		A65074D81D8FAE0300B432D3 /* AppDelegate.swift in Sources */ = {isa = PBXBuildFile; fileRef = A65074D71D8FAE0300B432D3 /* AppDelegate.swift */; };
		A65074DA1D8FAE0300B432D3 /* ViewController.swift in Sources */ = {isa = PBXBuildFile; fileRef = A65074D91D8FAE0300B432D3 /* ViewController.swift */; };
		A65074DD1D8FAE0300B432D3 /* Main.storyboard in Resources */ = {isa = PBXBuildFile; fileRef = A65074DB1D8FAE0300B432D3 /* Main.storyboard */; };
		A65074DF1D8FAE0300B432D3 /* Assets.xcassets in Resources */ = {isa = PBXBuildFile; fileRef = A65074DE1D8FAE0300B432D3 /* Assets.xcassets */; };
		A65074E21D8FAE0300B432D3 /* LaunchScreen.storyboard in Resources */ = {isa = PBXBuildFile; fileRef = A65074E01D8FAE0300B432D3 /* LaunchScreen.storyboard */; };
		A65074EA1D8FAE6000B432D3 /* CodeReader.swift in Sources */ = {isa = PBXBuildFile; fileRef = A65074E91D8FAE6000B432D3 /* CodeReader.swift */; };
		A65074EC1D8FE4F000B432D3 /* Talker.swift in Sources */ = {isa = PBXBuildFile; fileRef = A65074EB1D8FE4F000B432D3 /* Talker.swift */; };
/* End PBXBuildFile section */

/* Begin PBXFileReference section */
		A65074D41D8FAE0300B432D3 /* NerdCam.app */ = {isa = PBXFileReference; explicitFileType = wrapper.application; includeInIndex = 0; path = NerdCam.app; sourceTree = BUILT_PRODUCTS_DIR; };
		A65074D71D8FAE0300B432D3 /* AppDelegate.swift */ = {isa = PBXFileReference; lastKnownFileType = sourcecode.swift; path = AppDelegate.swift; sourceTree = "<group>"; };
		A65074D91D8FAE0300B432D3 /* ViewController.swift */ = {isa = PBXFileReference; lastKnownFileType = sourcecode.swift; path = ViewController.swift; sourceTree = "<group>"; };
		A65074DC1D8FAE0300B432D3 /* Base */ = {isa = PBXFileReference; lastKnownFileType = file.storyboard; name = Base; path = Base.lproj/Main.storyboard; sourceTree = "<group>"; };
		A65074DE1D8FAE0300B432D3 /* Assets.xcassets */ = {isa = PBXFileReference; lastKnownFileType = folder.assetcatalog; path = Assets.xcassets; sourceTree = "<group>"; };
		A65074E11D8FAE0300B432D3 /* Base */ = {isa = PBXFileReference; lastKnownFileType = file.storyboard; name = Base; path = Base.lproj/LaunchScreen.storyboard; sourceTree = "<group>"; };
		A65074E31D8FAE0300B432D3 /* Info.plist */ = {isa = PBXFileReference; lastKnownFileType = text.plist.xml; path = Info.plist; sourceTree = "<group>"; };
		A65074E91D8FAE6000B432D3 /* CodeReader.swift */ = {isa = PBXFileReference; fileEncoding = 4; lastKnownFileType = sourcecode.swift; path = CodeReader.swift; sourceTree = "<group>"; };
		A65074EB1D8FE4F000B432D3 /* Talker.swift */ = {isa = PBXFileReference; fileEncoding = 4; lastKnownFileType = sourcecode.swift; path = Talker.swift; sourceTree = "<group>"; };
/* End PBXFileReference section */

/* Begin PBXFrameworksBuildPhase section */
		A65074D11D8FAE0300B432D3 /* Frameworks */ = {
			isa = PBXFrameworksBuildPhase;
			buildActionMask = 2147483647;
			files = (
			);
			runOnlyForDeploymentPostprocessing = 0;
		};
/* End PBXFrameworksBuildPhase section */

/* Begin PBXGroup section */
		A65074CB1D8FAE0300B432D3 = {
			isa = PBXGroup;
			children = (
				A65074D61D8FAE0300B432D3 /* NerdCam */,
				A65074D51D8FAE0300B432D3 /* Products */,
			);
			sourceTree = "<group>";
		};
		A65074D51D8FAE0300B432D3 /* Products */ = {
			isa = PBXGroup;
			children = (
				A65074D41D8FAE0300B432D3 /* NerdCam.app */,
			);
			name = Products;
			sourceTree = "<group>";
		};
		A65074D61D8FAE0300B432D3 /* NerdCam */ = {
			isa = PBXGroup;
			children = (
				A65074D71D8FAE0300B432D3 /* AppDelegate.swift */,
				A65074D91D8FAE0300B432D3 /* ViewController.swift */,
				A65074E91D8FAE6000B432D3 /* CodeReader.swift */,
				A65074EB1D8FE4F000B432D3 /* Talker.swift */,
				A65074DB1D8FAE0300B432D3 /* Main.storyboard */,
				A65074DE1D8FAE0300B432D3 /* Assets.xcassets */,
				A65074E01D8FAE0300B432D3 /* LaunchScreen.storyboard */,
				A65074E31D8FAE0300B432D3 /* Info.plist */,
			);
			path = NerdCam;
			sourceTree = "<group>";
		};
/* End PBXGroup section */

/* Begin PBXNativeTarget section */
		A65074D31D8FAE0300B432D3 /* NerdCam */ = {
			isa = PBXNativeTarget;
			buildConfigurationList = A65074E61D8FAE0300B432D3 /* Build configuration list for PBXNativeTarget "NerdCam" */;
			buildPhases = (
				A65074D01D8FAE0300B432D3 /* Sources */,
				A65074D11D8FAE0300B432D3 /* Frameworks */,
				A65074D21D8FAE0300B432D3 /* Resources */,
			);
			buildRules = (
			);
			dependencies = (
			);
			name = NerdCam;
			productName = NerdCam;
			productReference = A65074D41D8FAE0300B432D3 /* NerdCam.app */;
			productType = "com.apple.product-type.application";
		};
/* End PBXNativeTarget section */

/* Begin PBXProject section */
		A65074CC1D8FAE0300B432D3 /* Project object */ = {
			isa = PBXProject;
			attributes = {
				LastSwiftUpdateCheck = 0800;
				LastUpgradeCheck = 0900;
				ORGANIZATIONNAME = "Big Nerd Ranch";
				TargetAttributes = {
					A65074D31D8FAE0300B432D3 = {
						CreatedOnToolsVersion = 8.0;
						DevelopmentTeam = VMY8R4T742;
						LastSwiftMigration = 0900;
						ProvisioningStyle = Automatic;
					};
				};
			};
			buildConfigurationList = A65074CF1D8FAE0300B432D3 /* Build configuration list for PBXProject "NerdCam" */;
			compatibilityVersion = "Xcode 3.2";
			developmentRegion = English;
			hasScannedForEncodings = 0;
			knownRegions = (
				en,
				Base,
			);
			mainGroup = A65074CB1D8FAE0300B432D3;
			productRefGroup = A65074D51D8FAE0300B432D3 /* Products */;
			projectDirPath = "";
			projectRoot = "";
			targets = (
				A65074D31D8FAE0300B432D3 /* NerdCam */,
			);
		};
/* End PBXProject section */

/* Begin PBXResourcesBuildPhase section */
		A65074D21D8FAE0300B432D3 /* Resources */ = {
			isa = PBXResourcesBuildPhase;
			buildActionMask = 2147483647;
			files = (
				A65074E21D8FAE0300B432D3 /* LaunchScreen.storyboard in Resources */,
				A65074DF1D8FAE0300B432D3 /* Assets.xcassets in Resources */,
				A65074DD1D8FAE0300B432D3 /* Main.storyboard in Resources */,
			);
			runOnlyForDeploymentPostprocessing = 0;
		};
/* End PBXResourcesBuildPhase section */

/* Begin PBXSourcesBuildPhase section */
		A65074D01D8FAE0300B432D3 /* Sources */ = {
			isa = PBXSourcesBuildPhase;
			buildActionMask = 2147483647;
			files = (
				A65074DA1D8FAE0300B432D3 /* ViewController.swift in Sources */,
				A65074D81D8FAE0300B432D3 /* AppDelegate.swift in Sources */,
				A65074EC1D8FE4F000B432D3 /* Talker.swift in Sources */,
				A65074EA1D8FAE6000B432D3 /* CodeReader.swift in Sources */,
			);
			runOnlyForDeploymentPostprocessing = 0;
		};
/* End PBXSourcesBuildPhase section */

/* Begin PBXVariantGroup section */
		A65074DB1D8FAE0300B432D3 /* Main.storyboard */ = {
			isa = PBXVariantGroup;
			children = (
				A65074DC1D8FAE0300B432D3 /* Base */,
			);
			name = Main.storyboard;
			sourceTree = "<group>";
		};
		A65074E01D8FAE0300B432D3 /* LaunchScreen.storyboard */ = {
			isa = PBXVariantGroup;
			children = (
				A65074E11D8FAE0300B432D3 /* Base */,
			);
			name = LaunchScreen.storyboard;
			sourceTree = "<group>";
		};
/* End PBXVariantGroup section */

/* Begin XCBuildConfiguration section */
		A65074E41D8FAE0300B432D3 /* Debug */ = {
			isa = XCBuildConfiguration;
			buildSettings = {
				ALWAYS_SEARCH_USER_PATHS = NO;
				CLANG_ANALYZER_NONNULL = YES;
				CLANG_CXX_LANGUAGE_STANDARD = "gnu++0x";
				CLANG_CXX_LIBRARY = "libc++";
				CLANG_ENABLE_MODULES = YES;
				CLANG_ENABLE_OBJC_ARC = YES;
				CLANG_WARN_BLOCK_CAPTURE_AUTORELEASING = YES;
				CLANG_WARN_BOOL_CONVERSION = YES;
				CLANG_WARN_COMMA = YES;
				CLANG_WARN_CONSTANT_CONVERSION = YES;
				CLANG_WARN_DIRECT_OBJC_ISA_USAGE = YES_ERROR;
				CLANG_WARN_DOCUMENTATION_COMMENTS = YES;
				CLANG_WARN_EMPTY_BODY = YES;
				CLANG_WARN_ENUM_CONVERSION = YES;
				CLANG_WARN_INFINITE_RECURSION = YES;
				CLANG_WARN_INT_CONVERSION = YES;
				CLANG_WARN_NON_LITERAL_NULL_CONVERSION = YES;
				CLANG_WARN_OBJC_LITERAL_CONVERSION = YES;
				CLANG_WARN_OBJC_ROOT_CLASS = YES_ERROR;
				CLANG_WARN_RANGE_LOOP_ANALYSIS = YES;
				CLANG_WARN_STRICT_PROTOTYPES = YES;
				CLANG_WARN_SUSPICIOUS_MOVE = YES;
				CLANG_WARN_SUSPICIOUS_MOVES = YES;
				CLANG_WARN_UNREACHABLE_CODE = YES;
				CLANG_WARN__DUPLICATE_METHOD_MATCH = YES;
				"CODE_SIGN_IDENTITY[sdk=iphoneos*]" = "iPhone Developer";
				COPY_PHASE_STRIP = NO;
				DEBUG_INFORMATION_FORMAT = dwarf;
				ENABLE_STRICT_OBJC_MSGSEND = YES;
				ENABLE_TESTABILITY = YES;
				GCC_C_LANGUAGE_STANDARD = gnu99;
				GCC_DYNAMIC_NO_PIC = NO;
				GCC_NO_COMMON_BLOCKS = YES;
				GCC_OPTIMIZATION_LEVEL = 0;
				GCC_PREPROCESSOR_DEFINITIONS = (
					"DEBUG=1",
					"$(inherited)",
				);
				GCC_WARN_64_TO_32_BIT_CONVERSION = YES;
				GCC_WARN_ABOUT_RETURN_TYPE = YES_ERROR;
				GCC_WARN_UNDECLARED_SELECTOR = YES;
				GCC_WARN_UNINITIALIZED_AUTOS = YES_AGGRESSIVE;
				GCC_WARN_UNUSED_FUNCTION = YES;
				GCC_WARN_UNUSED_VARIABLE = YES;
				IPHONEOS_DEPLOYMENT_TARGET = 10.3;
				MTL_ENABLE_DEBUG_INFO = YES;
				ONLY_ACTIVE_ARCH = YES;
				SDKROOT = iphoneos;
				SWIFT_ACTIVE_COMPILATION_CONDITIONS = DEBUG;
				SWIFT_OPTIMIZATION_LEVEL = "-Onone";
			};
			name = Debug;
		};
		A65074E51D8FAE0300B432D3 /* Release */ = {
			isa = XCBuildConfiguration;
			buildSettings = {
				ALWAYS_SEARCH_USER_PATHS = NO;
				CLANG_ANALYZER_NONNULL = YES;
				CLANG_CXX_LANGUAGE_STANDARD = "gnu++0x";
				CLANG_CXX_LIBRARY = "libc++";
				CLANG_ENABLE_MODULES = YES;
				CLANG_ENABLE_OBJC_ARC = YES;
				CLANG_WARN_BLOCK_CAPTURE_AUTORELEASING = YES;
				CLANG_WARN_BOOL_CONVERSION = YES;
				CLANG_WARN_COMMA = YES;
				CLANG_WARN_CONSTANT_CONVERSION = YES;
				CLANG_WARN_DIRECT_OBJC_ISA_USAGE = YES_ERROR;
				CLANG_WARN_DOCUMENTATION_COMMENTS = YES;
				CLANG_WARN_EMPTY_BODY = YES;
				CLANG_WARN_ENUM_CONVERSION = YES;
				CLANG_WARN_INFINITE_RECURSION = YES;
				CLANG_WARN_INT_CONVERSION = YES;
				CLANG_WARN_NON_LITERAL_NULL_CONVERSION = YES;
				CLANG_WARN_OBJC_LITERAL_CONVERSION = YES;
				CLANG_WARN_OBJC_ROOT_CLASS = YES_ERROR;
				CLANG_WARN_RANGE_LOOP_ANALYSIS = YES;
				CLANG_WARN_STRICT_PROTOTYPES = YES;
				CLANG_WARN_SUSPICIOUS_MOVE = YES;
				CLANG_WARN_SUSPICIOUS_MOVES = YES;
				CLANG_WARN_UNREACHABLE_CODE = YES;
				CLANG_WARN__DUPLICATE_METHOD_MATCH = YES;
				"CODE_SIGN_IDENTITY[sdk=iphoneos*]" = "iPhone Developer";
				COPY_PHASE_STRIP = NO;
				DEBUG_INFORMATION_FORMAT = "dwarf-with-dsym";
				ENABLE_NS_ASSERTIONS = NO;
				ENABLE_STRICT_OBJC_MSGSEND = YES;
				GCC_C_LANGUAGE_STANDARD = gnu99;
				GCC_NO_COMMON_BLOCKS = YES;
				GCC_WARN_64_TO_32_BIT_CONVERSION = YES;
				GCC_WARN_ABOUT_RETURN_TYPE = YES_ERROR;
				GCC_WARN_UNDECLARED_SELECTOR = YES;
				GCC_WARN_UNINITIALIZED_AUTOS = YES_AGGRESSIVE;
				GCC_WARN_UNUSED_FUNCTION = YES;
				GCC_WARN_UNUSED_VARIABLE = YES;
				IPHONEOS_DEPLOYMENT_TARGET = 10.3;
				MTL_ENABLE_DEBUG_INFO = NO;
				SDKROOT = iphoneos;
				SWIFT_OPTIMIZATION_LEVEL = "-Owholemodule";
				VALIDATE_PRODUCT = YES;
			};
			name = Release;
		};
		A65074E71D8FAE0300B432D3 /* Debug */ = {
			isa = XCBuildConfiguration;
			buildSettings = {
				ASSETCATALOG_COMPILER_APPICON_NAME = AppIcon;
				DEVELOPMENT_TEAM = VMY8R4T742;
				INFOPLIST_FILE = NerdCam/Info.plist;
				LD_RUNPATH_SEARCH_PATHS = "$(inherited) @executable_path/Frameworks";
				PRODUCT_BUNDLE_IDENTIFIER = com.bignerdranch.NerdCam;
				PRODUCT_NAME = "$(TARGET_NAME)";
				SWIFT_VERSION = 4.0;
			};
			name = Debug;
		};
		A65074E81D8FAE0300B432D3 /* Release */ = {
			isa = XCBuildConfiguration;
			buildSettings = {
				ASSETCATALOG_COMPILER_APPICON_NAME = AppIcon;
				DEVELOPMENT_TEAM = VMY8R4T742;
				INFOPLIST_FILE = NerdCam/Info.plist;
				LD_RUNPATH_SEARCH_PATHS = "$(inherited) @executable_path/Frameworks";
				PRODUCT_BUNDLE_IDENTIFIER = com.bignerdranch.NerdCam;
				PRODUCT_NAME = "$(TARGET_NAME)";
				SWIFT_VERSION = 4.0;
			};
			name = Release;
		};
/* End XCBuildConfiguration section */

/* Begin XCConfigurationList section */
		A65074CF1D8FAE0300B432D3 /* Build configuration list for PBXProject "NerdCam" */ = {
			isa = XCConfigurationList;
			buildConfigurations = (
				A65074E41D8FAE0300B432D3 /* Debug */,
				A65074E51D8FAE0300B432D3 /* Release */,
			);
			defaultConfigurationIsVisible = 0;
			defaultConfigurationName = Release;
		};
		A65074E61D8FAE0300B432D3 /* Build configuration list for PBXNativeTarget "NerdCam" */ = {
			isa = XCConfigurationList;
			buildConfigurations = (
				A65074E71D8FAE0300B432D3 /* Debug */,
				A65074E81D8FAE0300B432D3 /* Release */,
			);
			defaultConfigurationIsVisible = 0;
			defaultConfigurationName = Release;
		};
/* End XCConfigurationList section */
	};
	rootObject = A65074CC1D8FAE0300B432D3 /* Project object */;
}
