// !$*UTF8*$!
{
	archiveVersion = 1;
	classes = {
	};
	objectVersion = 46;
	objects = {

/* Begin PBXBuildFile section */
		A6FF70412056399F00B8275C /* ViewController.swift in Sources */ = {isa = PBXBuildFile; fileRef = A6FF70382056399F00B8275C /* ViewController.swift */; };
		A6FF70422056399F00B8275C /* tokyotower.jpg in Resources */ = {isa = PBXBuildFile; fileRef = A6FF70392056399F00B8275C /* tokyotower.jpg */; };
		A6FF70432056399F00B8275C /* Main.storyboard in Resources */ = {isa = PBXBuildFile; fileRef = A6FF703A2056399F00B8275C /* Main.storyboard */; };
		A6FF70442056399F00B8275C /* Launch Screen.storyboard in Resources */ = {isa = PBXBuildFile; fileRef = A6FF703C2056399F00B8275C /* Launch Screen.storyboard */; };
		A6FF70452056399F00B8275C /* Images.xcassets in Resources */ = {isa = PBXBuildFile; fileRef = A6FF703E2056399F00B8275C /* Images.xcassets */; };
		A6FF70462056399F00B8275C /* AppDelegate.swift in Sources */ = {isa = PBXBuildFile; fileRef = A6FF703F2056399F00B8275C /* AppDelegate.swift */; };
/* End PBXBuildFile section */

/* Begin PBXFileReference section */
		A6FF70382056399F00B8275C /* ViewController.swift */ = {isa = PBXFileReference; fileEncoding = 4; lastKnownFileType = sourcecode.swift; path = ViewController.swift; sourceTree = "<group>"; };
		A6FF70392056399F00B8275C /* tokyotower.jpg */ = {isa = PBXFileReference; lastKnownFileType = image.jpeg; path = tokyotower.jpg; sourceTree = "<group>"; };
		A6FF703B2056399F00B8275C /* Base */ = {isa = PBXFileReference; lastKnownFileType = file.storyboard; name = Base; path = Base.lproj/Main.storyboard; sourceTree = "<group>"; };
		A6FF703D2056399F00B8275C /* Base */ = {isa = PBXFileReference; lastKnownFileType = file.storyboard; name = Base; path = "Base.lproj/Launch Screen.storyboard"; sourceTree = "<group>"; };
		A6FF703E2056399F00B8275C /* Images.xcassets */ = {isa = PBXFileReference; lastKnownFileType = folder.assetcatalog; path = Images.xcassets; sourceTree = "<group>"; };
		A6FF703F2056399F00B8275C /* AppDelegate.swift */ = {isa = PBXFileReference; fileEncoding = 4; lastKnownFileType = sourcecode.swift; path = AppDelegate.swift; sourceTree = "<group>"; };
		A6FF70402056399F00B8275C /* Info.plist */ = {isa = PBXFileReference; fileEncoding = 4; lastKnownFileType = text.plist.xml; path = Info.plist; sourceTree = "<group>"; };
		DC9A54C71B0149BA003F0596 /* LayersOfFun.app */ = {isa = PBXFileReference; explicitFileType = wrapper.application; includeInIndex = 0; path = LayersOfFun.app; sourceTree = BUILT_PRODUCTS_DIR; };
/* End PBXFileReference section */

/* Begin PBXFrameworksBuildPhase section */
		DC9A54C41B0149BA003F0596 /* Frameworks */ = {
			isa = PBXFrameworksBuildPhase;
			buildActionMask = 2147483647;
			files = (
			);
			runOnlyForDeploymentPostprocessing = 0;
		};
/* End PBXFrameworksBuildPhase section */

/* Begin PBXGroup section */
		A6FF70372056399F00B8275C /* LayersOfFun */ = {
			isa = PBXGroup;
			children = (
				A6FF70382056399F00B8275C /* ViewController.swift */,
				A6FF70392056399F00B8275C /* tokyotower.jpg */,
				A6FF703A2056399F00B8275C /* Main.storyboard */,
				A6FF703C2056399F00B8275C /* Launch Screen.storyboard */,
				A6FF703E2056399F00B8275C /* Images.xcassets */,
				A6FF703F2056399F00B8275C /* AppDelegate.swift */,
				A6FF70402056399F00B8275C /* Info.plist */,
			);
			path = LayersOfFun;
			sourceTree = "<group>";
		};
		DC9A54BE1B0149B9003F0596 = {
			isa = PBXGroup;
			children = (
				A6FF70372056399F00B8275C /* LayersOfFun */,
				DC9A54C81B0149BA003F0596 /* Products */,
			);
			sourceTree = "<group>";
		};
		DC9A54C81B0149BA003F0596 /* Products */ = {
			isa = PBXGroup;
			children = (
				DC9A54C71B0149BA003F0596 /* LayersOfFun.app */,
			);
			name = Products;
			sourceTree = "<group>";
		};
/* End PBXGroup section */

/* Begin PBXNativeTarget section */
		DC9A54C61B0149BA003F0596 /* LayersOfFun */ = {
			isa = PBXNativeTarget;
			buildConfigurationList = DC9A54E61B0149BA003F0596 /* Build configuration list for PBXNativeTarget "LayersOfFun" */;
			buildPhases = (
				DC9A54C31B0149BA003F0596 /* Sources */,
				DC9A54C41B0149BA003F0596 /* Frameworks */,
				DC9A54C51B0149BA003F0596 /* Resources */,
			);
			buildRules = (
			);
			dependencies = (
			);
			name = LayersOfFun;
			productName = LayerFunSwift;
			productReference = DC9A54C71B0149BA003F0596 /* LayersOfFun.app */;
			productType = "com.apple.product-type.application";
		};
/* End PBXNativeTarget section */

/* Begin PBXProject section */
		DC9A54BF1B0149BA003F0596 /* Project object */ = {
			isa = PBXProject;
			attributes = {
				LastSwiftMigration = 0710;
				LastSwiftUpdateCheck = 0710;
				LastUpgradeCheck = 0900;
				ORGANIZATIONNAME = BNR;
				TargetAttributes = {
					DC9A54C61B0149BA003F0596 = {
						CreatedOnToolsVersion = 6.3.1;
						LastSwiftMigration = 0900;
						ProvisioningStyle = Automatic;
					};
				};
			};
			buildConfigurationList = DC9A54C21B0149BA003F0596 /* Build configuration list for PBXProject "LayersOfFun" */;
			compatibilityVersion = "Xcode 3.2";
			developmentRegion = English;
			hasScannedForEncodings = 0;
			knownRegions = (
				en,
				Base,
			);
			mainGroup = DC9A54BE1B0149B9003F0596;
			productRefGroup = DC9A54C81B0149BA003F0596 /* Products */;
			projectDirPath = "";
			projectRoot = "";
			targets = (
				DC9A54C61B0149BA003F0596 /* LayersOfFun */,
			);
		};
/* End PBXProject section */

/* Begin PBXResourcesBuildPhase section */
		DC9A54C51B0149BA003F0596 /* Resources */ = {
			isa = PBXResourcesBuildPhase;
			buildActionMask = 2147483647;
			files = (
				A6FF70442056399F00B8275C /* Launch Screen.storyboard in Resources */,
				A6FF70452056399F00B8275C /* Images.xcassets in Resources */,
				A6FF70422056399F00B8275C /* tokyotower.jpg in Resources */,
				A6FF70432056399F00B8275C /* Main.storyboard in Resources */,
			);
			runOnlyForDeploymentPostprocessing = 0;
		};
/* End PBXResourcesBuildPhase section */

/* Begin PBXSourcesBuildPhase section */
		DC9A54C31B0149BA003F0596 /* Sources */ = {
			isa = PBXSourcesBuildPhase;
			buildActionMask = 2147483647;
			files = (
				A6FF70462056399F00B8275C /* AppDelegate.swift in Sources */,
				A6FF70412056399F00B8275C /* ViewController.swift in Sources */,
			);
			runOnlyForDeploymentPostprocessing = 0;
		};
/* End PBXSourcesBuildPhase section */

/* Begin PBXVariantGroup section */
		A6FF703A2056399F00B8275C /* Main.storyboard */ = {
			isa = PBXVariantGroup;
			children = (
				A6FF703B2056399F00B8275C /* Base */,
			);
			name = Main.storyboard;
			sourceTree = "<group>";
		};
		A6FF703C2056399F00B8275C /* Launch Screen.storyboard */ = {
			isa = PBXVariantGroup;
			children = (
				A6FF703D2056399F00B8275C /* Base */,
			);
			name = "Launch Screen.storyboard";
			sourceTree = "<group>";
		};
/* End PBXVariantGroup section */

/* Begin XCBuildConfiguration section */
		DC9A54E41B0149BA003F0596 /* Debug */ = {
			isa = XCBuildConfiguration;
			buildSettings = {
				ALWAYS_SEARCH_USER_PATHS = NO;
				CLANG_CXX_LANGUAGE_STANDARD = "gnu++0x";
				CLANG_CXX_LIBRARY = "libc++";
				CLANG_ENABLE_MODULES = YES;
				CLANG_ENABLE_OBJC_ARC = YES;
				CLANG_WARN_BLOCK_CAPTURE_AUTORELEASING = YES;
				CLANG_WARN_BOOL_CONVERSION = YES;
				CLANG_WARN_COMMA = YES;
				CLANG_WARN_CONSTANT_CONVERSION = YES;
				CLANG_WARN_DIRECT_OBJC_ISA_USAGE = YES_ERROR;
				CLANG_WARN_EMPTY_BODY = YES;
				CLANG_WARN_ENUM_CONVERSION = YES;
				CLANG_WARN_INFINITE_RECURSION = YES;
				CLANG_WARN_INT_CONVERSION = YES;
				CLANG_WARN_NON_LITERAL_NULL_CONVERSION = YES;
				CLANG_WARN_OBJC_LITERAL_CONVERSION = YES;
				CLANG_WARN_OBJC_ROOT_CLASS = YES_ERROR;
				CLANG_WARN_RANGE_LOOP_ANALYSIS = YES;
				CLANG_WARN_STRICT_PROTOTYPES = YES;
				CLANG_WARN_SUSPICIOUS_MOVE = YES;
				CLANG_WARN_UNREACHABLE_CODE = YES;
				CLANG_WARN__DUPLICATE_METHOD_MATCH = YES;
				"CODE_SIGN_IDENTITY[sdk=iphoneos*]" = "iPhone Developer";
				COPY_PHASE_STRIP = NO;
				DEBUG_INFORMATION_FORMAT = "dwarf-with-dsym";
				ENABLE_STRICT_OBJC_MSGSEND = YES;
				ENABLE_TESTABILITY = YES;
				GCC_C_LANGUAGE_STANDARD = gnu99;
				GCC_DYNAMIC_NO_PIC = NO;
				GCC_NO_COMMON_BLOCKS = YES;
				GCC_OPTIMIZATION_LEVEL = 0;
				GCC_PREPROCESSOR_DEFINITIONS = (
					"DEBUG=1",
					"$(inherited)",
				);
				GCC_SYMBOLS_PRIVATE_EXTERN = NO;
				GCC_WARN_64_TO_32_BIT_CONVERSION = YES;
				GCC_WARN_ABOUT_RETURN_TYPE = YES_ERROR;
				GCC_WARN_UNDECLARED_SELECTOR = YES;
				GCC_WARN_UNINITIALIZED_AUTOS = YES_AGGRESSIVE;
				GCC_WARN_UNUSED_FUNCTION = YES;
				GCC_WARN_UNUSED_VARIABLE = YES;
				IPHONEOS_DEPLOYMENT_TARGET = 10.3;
				MTL_ENABLE_DEBUG_INFO = YES;
				ONLY_ACTIVE_ARCH = YES;
				SDKROOT = iphoneos;
				SWIFT_OPTIMIZATION_LEVEL = "-Onone";
				SWIFT_SWIFT3_OBJC_INFERENCE = Off;
			};
			name = Debug;
		};
		DC9A54E51B0149BA003F0596 /* Release */ = {
			isa = XCBuildConfiguration;
			buildSettings = {
				ALWAYS_SEARCH_USER_PATHS = NO;
				CLANG_CXX_LANGUAGE_STANDARD = "gnu++0x";
				CLANG_CXX_LIBRARY = "libc++";
				CLANG_ENABLE_MODULES = YES;
				CLANG_ENABLE_OBJC_ARC = YES;
				CLANG_WARN_BLOCK_CAPTURE_AUTORELEASING = YES;
				CLANG_WARN_BOOL_CONVERSION = YES;
				CLANG_WARN_COMMA = YES;
				CLANG_WARN_CONSTANT_CONVERSION = YES;
				CLANG_WARN_DIRECT_OBJC_ISA_USAGE = YES_ERROR;
				CLANG_WARN_EMPTY_BODY = YES;
				CLANG_WARN_ENUM_CONVERSION = YES;
				CLANG_WARN_INFINITE_RECURSION = YES;
				CLANG_WARN_INT_CONVERSION = YES;
				CLANG_WARN_NON_LITERAL_NULL_CONVERSION = YES;
				CLANG_WARN_OBJC_LITERAL_CONVERSION = YES;
				CLANG_WARN_OBJC_ROOT_CLASS = YES_ERROR;
				CLANG_WARN_RANGE_LOOP_ANALYSIS = YES;
				CLANG_WARN_STRICT_PROTOTYPES = YES;
				CLANG_WARN_SUSPICIOUS_MOVE = YES;
				CLANG_WARN_UNREACHABLE_CODE = YES;
				CLANG_WARN__DUPLICATE_METHOD_MATCH = YES;
				"CODE_SIGN_IDENTITY[sdk=iphoneos*]" = "iPhone Developer";
				COPY_PHASE_STRIP = NO;
				DEBUG_INFORMATION_FORMAT = "dwarf-with-dsym";
				ENABLE_NS_ASSERTIONS = NO;
				ENABLE_STRICT_OBJC_MSGSEND = YES;
				GCC_C_LANGUAGE_STANDARD = gnu99;
				GCC_NO_COMMON_BLOCKS = YES;
				GCC_WARN_64_TO_32_BIT_CONVERSION = YES;
				GCC_WARN_ABOUT_RETURN_TYPE = YES_ERROR;
				GCC_WARN_UNDECLARED_SELECTOR = YES;
				GCC_WARN_UNINITIALIZED_AUTOS = YES_AGGRESSIVE;
				GCC_WARN_UNUSED_FUNCTION = YES;
				GCC_WARN_UNUSED_VARIABLE = YES;
				IPHONEOS_DEPLOYMENT_TARGET = 10.3;
				MTL_ENABLE_DEBUG_INFO = NO;
				SDKROOT = iphoneos;
				SWIFT_OPTIMIZATION_LEVEL = "-Owholemodule";
				SWIFT_SWIFT3_OBJC_INFERENCE = Off;
				VALIDATE_PRODUCT = YES;
			};
			name = Release;
		};
		DC9A54E71B0149BA003F0596 /* Debug */ = {
			isa = XCBuildConfiguration;
			buildSettings = {
				ASSETCATALOG_COMPILER_APPICON_NAME = AppIcon;
				CLANG_ENABLE_MODULES = YES;
				"CODE_SIGN_IDENTITY[sdk=iphoneos*]" = "";
				DEVELOPMENT_TEAM = "";
				INFOPLIST_FILE = LayersOfFun/Info.plist;
				LD_RUNPATH_SEARCH_PATHS = "$(inherited) @executable_path/Frameworks";
				PRODUCT_BUNDLE_IDENTIFIER = "com.prop-group.$(PRODUCT_NAME:rfc1034identifier)";
				PRODUCT_NAME = "$(TARGET_NAME)";
				SWIFT_OPTIMIZATION_LEVEL = "-Onone";
				SWIFT_SWIFT3_OBJC_INFERENCE = Off;
				SWIFT_VERSION = 4.0;
			};
			name = Debug;
		};
		DC9A54E81B0149BA003F0596 /* Release */ = {
			isa = XCBuildConfiguration;
			buildSettings = {
				ASSETCATALOG_COMPILER_APPICON_NAME = AppIcon;
				CLANG_ENABLE_MODULES = YES;
				"CODE_SIGN_IDENTITY[sdk=iphoneos*]" = "";
				DEVELOPMENT_TEAM = "";
				INFOPLIST_FILE = LayersOfFun/Info.plist;
				LD_RUNPATH_SEARCH_PATHS = "$(inherited) @executable_path/Frameworks";
				PRODUCT_BUNDLE_IDENTIFIER = "com.prop-group.$(PRODUCT_NAME:rfc1034identifier)";
				PRODUCT_NAME = "$(TARGET_NAME)";
				SWIFT_SWIFT3_OBJC_INFERENCE = Off;
				SWIFT_VERSION = 4.0;
			};
			name = Release;
		};
/* End XCBuildConfiguration section */

/* Begin XCConfigurationList section */
		DC9A54C21B0149BA003F0596 /* Build configuration list for PBXProject "LayersOfFun" */ = {
			isa = XCConfigurationList;
			buildConfigurations = (
				DC9A54E41B0149BA003F0596 /* Debug */,
				DC9A54E51B0149BA003F0596 /* Release */,
			);
			defaultConfigurationIsVisible = 0;
			defaultConfigurationName = Release;
		};
		DC9A54E61B0149BA003F0596 /* Build configuration list for PBXNativeTarget "LayersOfFun" */ = {
			isa = XCConfigurationList;
			buildConfigurations = (
				DC9A54E71B0149BA003F0596 /* Debug */,
				DC9A54E81B0149BA003F0596 /* Release */,
			);
			defaultConfigurationIsVisible = 0;
			defaultConfigurationName = Release;
		};
/* End XCConfigurationList section */
	};
	rootObject = DC9A54BF1B0149BA003F0596 /* Project object */;
}
